
Microsoft Visual Studio Solution File, Format Version 12.00
# Visual Studio 15
VisualStudioVersion = 15.0.28010.2048
MinimumVisualStudioVersion = 10.0.40219.1
Project("{FAE04EC0-301F-11D3-BF4B-00C04F79EFBC}") = "DovizKurları", "DovizKurları\DovizKurları.csproj", "{E04CBFAB-2EA8-496B-803E-B161AA300492}"
EndProject
Global
	GlobalSection(SolutionConfigurationPlatforms) = preSolution
		Debug|Any CPU = Debug|Any CPU
		Release|Any CPU = Release|Any CPU
	EndGlobalSection
	GlobalSection(ProjectConfigurationPlatforms) = postSolution
		{E04CBFAB-2EA8-496B-803E-B161AA300492}.Debug|Any CPU.ActiveCfg = Debug|Any CPU
		{E04CBFAB-2EA8-496B-803E-B161AA300492}.Debug|Any CPU.Build.0 = Debug|Any CPU
		{E04CBFAB-2EA8-496B-803E-B161AA300492}.Release|Any CPU.ActiveCfg = Release|Any CPU
		{E04CBFAB-2EA8-496B-803E-B161AA300492}.Release|Any CPU.Build.0 = Release|Any CPU
	EndGlobalSection
	GlobalSection(SolutionProperties) = preSolution
		HideSolutionNode = FALSE
	EndGlobalSection
	GlobalSection(ExtensibilityGlobals) = postSolution
		SolutionGuid = {624EF078-246C-4438-BCAD-30BF161CA3F8}
	EndGlobalSection
EndGlobal
